
Microsoft Visual Studio Solution File, Format Version 12.00
# Visual Studio Version 16
VisualStudioVersion = 16.0.30225.117
MinimumVisualStudioVersion = 10.0.40219.1
Project("{2150E333-8FDC-42A3-9474-1A3956D46DE8}") = "src", "src", "{669E2F2E-6275-44BB-9EC1-57A7FE998BB5}"
EndProject
Project("{2150E333-8FDC-42A3-9474-1A3956D46DE8}") = "Services", "Services", "{10F30510-4508-4663-9F08-9A32FED5F5C1}"
EndProject
Project("{2150E333-8FDC-42A3-9474-1A3956D46DE8}") = "Identity", "Identity", "{21572DCF-3F14-4A48-9797-A09EFD732CE1}"
EndProject
Project("{2150E333-8FDC-42A3-9474-1A3956D46DE8}") = "Web Apps", "Web Apps", "{2B391F47-3B9E-4701-B5F1-7CF05903A5EC}"
EndProject
Project("{9A19103F-16F7-4668-BE54-9A1E7A4F7556}") = "Identity.API", "Services\Identity\Identity.API\Identity.API.csproj", "{595BC9AD-1F87-422E-BCA4-88562F3B5EE9}"
EndProject
Project("{E53339B2-1760-4266-BCC7-CA923CBCF16C}") = "docker-compose", "docker-compose.dcproj", "{3400EA02-374B-4B2E-A25D-C1DC68B7D2B6}"
EndProject
Project("{2150E333-8FDC-42A3-9474-1A3956D46DE8}") = "Race", "Race", "{C9E386BC-3BA5-41D9-BEC8-10606AC6138B}"
EndProject
Project("{FAE04EC0-301F-11D3-BF4B-00C04F79EFBC}") = "ErgCentral.WebAPI", "Services\ErgCentral.WebAPI\ErgCentral.WebAPI.csproj", "{BEB67AC0-4AB6-4574-A072-66EA6ABEBAE2}"
EndProject
Project("{FAE04EC0-301F-11D3-BF4B-00C04F79EFBC}") = "ErgCentral.Repository", "Services\ErgCentral.Repository\ErgCentral.Repository.csproj", "{8EDD80A8-1C0C-4EF2-AFAC-E56AD79D3DEE}"
EndProject
Project("{FAE04EC0-301F-11D3-BF4B-00C04F79EFBC}") = "ErgCentral.Services", "Services\ErgCentral.Services\ErgCentral.Services.csproj", "{2ADB5B4C-9914-4875-BCCB-EA34E46012BA}"
EndProject
Project("{FAE04EC0-301F-11D3-BF4B-00C04F79EFBC}") = "ErgCentral.Utility", "Services\ErgCentral.Utility\ErgCentral.Utility.csproj", "{2CD17F4B-A8FE-400F-B387-9B3ABBA87084}"
EndProject
Project("{FAE04EC0-301F-11D3-BF4B-00C04F79EFBC}") = "ErgCentral.Domain", "Services\ErgCentral.Domain\ErgCentral.Domain.csproj", "{E757F0EE-966D-49A4-A7FD-4056C85DB11B}"
EndProject
Global
	GlobalSection(SolutionConfigurationPlatforms) = preSolution
		Debug|Any CPU = Debug|Any CPU
		Release|Any CPU = Release|Any CPU
	EndGlobalSection
	GlobalSection(ProjectConfigurationPlatforms) = postSolution
		{595BC9AD-1F87-422E-BCA4-88562F3B5EE9}.Debug|Any CPU.ActiveCfg = Debug|Any CPU
		{595BC9AD-1F87-422E-BCA4-88562F3B5EE9}.Debug|Any CPU.Build.0 = Debug|Any CPU
		{595BC9AD-1F87-422E-BCA4-88562F3B5EE9}.Release|Any CPU.ActiveCfg = Release|Any CPU
		{595BC9AD-1F87-422E-BCA4-88562F3B5EE9}.Release|Any CPU.Build.0 = Release|Any CPU
		{3400EA02-374B-4B2E-A25D-C1DC68B7D2B6}.Debug|Any CPU.ActiveCfg = Debug|Any CPU
		{3400EA02-374B-4B2E-A25D-C1DC68B7D2B6}.Debug|Any CPU.Build.0 = Debug|Any CPU
		{3400EA02-374B-4B2E-A25D-C1DC68B7D2B6}.Release|Any CPU.ActiveCfg = Release|Any CPU
		{3400EA02-374B-4B2E-A25D-C1DC68B7D2B6}.Release|Any CPU.Build.0 = Release|Any CPU
		{BEB67AC0-4AB6-4574-A072-66EA6ABEBAE2}.Debug|Any CPU.ActiveCfg = Debug|Any CPU
		{BEB67AC0-4AB6-4574-A072-66EA6ABEBAE2}.Debug|Any CPU.Build.0 = Debug|Any CPU
		{BEB67AC0-4AB6-4574-A072-66EA6ABEBAE2}.Release|Any CPU.ActiveCfg = Release|Any CPU
		{BEB67AC0-4AB6-4574-A072-66EA6ABEBAE2}.Release|Any CPU.Build.0 = Release|Any CPU
		{8EDD80A8-1C0C-4EF2-AFAC-E56AD79D3DEE}.Debug|Any CPU.ActiveCfg = Debug|Any CPU
		{8EDD80A8-1C0C-4EF2-AFAC-E56AD79D3DEE}.Debug|Any CPU.Build.0 = Debug|Any CPU
		{8EDD80A8-1C0C-4EF2-AFAC-E56AD79D3DEE}.Release|Any CPU.ActiveCfg = Release|Any CPU
		{8EDD80A8-1C0C-4EF2-AFAC-E56AD79D3DEE}.Release|Any CPU.Build.0 = Release|Any CPU
		{2ADB5B4C-9914-4875-BCCB-EA34E46012BA}.Debug|Any CPU.ActiveCfg = Debug|Any CPU
		{2ADB5B4C-9914-4875-BCCB-EA34E46012BA}.Debug|Any CPU.Build.0 = Debug|Any CPU
		{2ADB5B4C-9914-4875-BCCB-EA34E46012BA}.Release|Any CPU.ActiveCfg = Release|Any CPU
		{2ADB5B4C-9914-4875-BCCB-EA34E46012BA}.Release|Any CPU.Build.0 = Release|Any CPU
		{2CD17F4B-A8FE-400F-B387-9B3ABBA87084}.Debug|Any CPU.ActiveCfg = Debug|Any CPU
		{2CD17F4B-A8FE-400F-B387-9B3ABBA87084}.Debug|Any CPU.Build.0 = Debug|Any CPU
		{2CD17F4B-A8FE-400F-B387-9B3ABBA87084}.Release|Any CPU.ActiveCfg = Release|Any CPU
		{2CD17F4B-A8FE-400F-B387-9B3ABBA87084}.Release|Any CPU.Build.0 = Release|Any CPU
		{E757F0EE-966D-49A4-A7FD-4056C85DB11B}.Debug|Any CPU.ActiveCfg = Debug|Any CPU
		{E757F0EE-966D-49A4-A7FD-4056C85DB11B}.Debug|Any CPU.Build.0 = Debug|Any CPU
		{E757F0EE-966D-49A4-A7FD-4056C85DB11B}.Release|Any CPU.ActiveCfg = Release|Any CPU
		{E757F0EE-966D-49A4-A7FD-4056C85DB11B}.Release|Any CPU.Build.0 = Release|Any CPU
	EndGlobalSection
	GlobalSection(SolutionProperties) = preSolution
		HideSolutionNode = FALSE
	EndGlobalSection
	GlobalSection(NestedProjects) = preSolution
		{10F30510-4508-4663-9F08-9A32FED5F5C1} = {669E2F2E-6275-44BB-9EC1-57A7FE998BB5}
		{21572DCF-3F14-4A48-9797-A09EFD732CE1} = {10F30510-4508-4663-9F08-9A32FED5F5C1}
		{2B391F47-3B9E-4701-B5F1-7CF05903A5EC} = {669E2F2E-6275-44BB-9EC1-57A7FE998BB5}
		{595BC9AD-1F87-422E-BCA4-88562F3B5EE9} = {21572DCF-3F14-4A48-9797-A09EFD732CE1}
		{C9E386BC-3BA5-41D9-BEC8-10606AC6138B} = {10F30510-4508-4663-9F08-9A32FED5F5C1}
		{BEB67AC0-4AB6-4574-A072-66EA6ABEBAE2} = {10F30510-4508-4663-9F08-9A32FED5F5C1}
		{8EDD80A8-1C0C-4EF2-AFAC-E56AD79D3DEE} = {10F30510-4508-4663-9F08-9A32FED5F5C1}
		{2ADB5B4C-9914-4875-BCCB-EA34E46012BA} = {10F30510-4508-4663-9F08-9A32FED5F5C1}
		{2CD17F4B-A8FE-400F-B387-9B3ABBA87084} = {10F30510-4508-4663-9F08-9A32FED5F5C1}
		{E757F0EE-966D-49A4-A7FD-4056C85DB11B} = {10F30510-4508-4663-9F08-9A32FED5F5C1}
	EndGlobalSection
	GlobalSection(ExtensibilityGlobals) = postSolution
		SolutionGuid = {3C0B6951-DE1A-4FEC-B8CA-AEDFCEB42CE6}
	EndGlobalSection
EndGlobal
